{
  "name": "unsafe-browser-aes",
  "version": "0.0.1",
  "lockfileVersion": 2,
  "requires": true,
  "packages": {
    "": {
      "name": "unsafe-browser-aes",
      "version": "0.0.1",
      "devDependencies": {
        "barely-a-dev-server": "^0.4.1",
        "esbuild": "^0.15.17",
        "rome": "^10.0.1",
        "typescript": "^4.9.3"
      }
    },
    "node_modules/@rometools/cli-darwin-arm64": {
      "version": "10.0.1",
      "cpu": [
        "arm64"
      ],
      "dev": true,
      "optional": true,
      "os": [
        "darwin"
      ]
    },
    "node_modules/barely-a-dev-server": {
      "version": "0.4.3",
      "dev": true,
      "license": "(MIT OR GPL-3.0-or-later)",
      "peerDependencies": {
        "esbuild": "^0.15.1"
      }
    },
    "node_modules/esbuild": {
      "version": "0.15.17",
      "dev": true,
      "hasInstallScript": true,
      "license": "MIT",
      "bin": {
        "esbuild": "bin/esbuild"
      },
      "engines": {
        "node": ">=12"
      },
      "optionalDependencies": {
        "@esbuild/android-arm": "0.15.17",
        "@esbuild/linux-loong64": "0.15.17",
        "esbuild-android-64": "0.15.17",
        "esbuild-android-arm64": "0.15.17",
        "esbuild-darwin-64": "0.15.17",
        "esbuild-darwin-arm64": "0.15.17",
        "esbuild-freebsd-64": "0.15.17",
        "esbuild-freebsd-arm64": "0.15.17",
        "esbuild-linux-32": "0.15.17",
        "esbuild-linux-64": "0.15.17",
        "esbuild-linux-arm": "0.15.17",
        "esbuild-linux-arm64": "0.15.17",
        "esbuild-linux-mips64le": "0.15.17",
        "esbuild-linux-ppc64le": "0.15.17",
        "esbuild-linux-riscv64": "0.15.17",
        "esbuild-linux-s390x": "0.15.17",
        "esbuild-netbsd-64": "0.15.17",
        "esbuild-openbsd-64": "0.15.17",
        "esbuild-sunos-64": "0.15.17",
        "esbuild-windows-32": "0.15.17",
        "esbuild-windows-64": "0.15.17",
        "esbuild-windows-arm64": "0.15.17"
      }
    },
    "node_modules/esbuild-darwin-arm64": {
      "version": "0.15.17",
      "cpu": [
        "arm64"
      ],
      "dev": true,
      "license": "MIT",
      "optional": true,
      "os": [
        "darwin"
      ],
      "engines": {
        "node": ">=12"
      }
    },
    "node_modules/rome": {
      "version": "10.0.1",
      "dev": true,
      "hasInstallScript": true,
      "license": "MIT",
      "bin": {
        "rome": "bin/rome"
      },
      "engines": {
        "node": ">=14.*"
      },
      "optionalDependencies": {
        "@rometools/cli-darwin-arm64": "10.0.1",
        "@rometools/cli-darwin-x64": "10.0.1",
        "@rometools/cli-linux-arm64": "10.0.1",
        "@rometools/cli-linux-x64": "10.0.1",
        "@rometools/cli-win32-arm64": "10.0.1",
        "@rometools/cli-win32-x64": "10.0.1"
      }
    },
    "node_modules/typescript": {
      "version": "4.9.3",
      "dev": true,
      "license": "Apache-2.0",
      "bin": {
        "tsc": "bin/tsc",
        "tsserver": "bin/tsserver"
      },
      "engines": {
        "node": ">=4.2.0"
      }
    }
  },
  "dependencies": {
    "@rometools/cli-darwin-arm64": {
      "version": "10.0.1",
      "dev": true,
      "optional": true
    },
    "barely-a-dev-server": {
      "version": "0.4.3",
      "dev": true,
      "requires": {}
    },
    "esbuild": {
      "version": "0.15.17",
      "dev": true,
      "requires": {
        "@esbuild/android-arm": "0.15.17",
        "@esbuild/linux-loong64": "0.15.17",
        "esbuild-android-64": "0.15.17",
        "esbuild-android-arm64": "0.15.17",
        "esbuild-darwin-64": "0.15.17",
        "esbuild-darwin-arm64": "0.15.17",
        "esbuild-freebsd-64": "0.15.17",
        "esbuild-freebsd-arm64": "0.15.17",
        "esbuild-linux-32": "0.15.17",
        "esbuild-linux-64": "0.15.17",
        "esbuild-linux-arm": "0.15.17",
        "esbuild-linux-arm64": "0.15.17",
        "esbuild-linux-mips64le": "0.15.17",
        "esbuild-linux-ppc64le": "0.15.17",
        "esbuild-linux-riscv64": "0.15.17",
        "esbuild-linux-s390x": "0.15.17",
        "esbuild-netbsd-64": "0.15.17",
        "esbuild-openbsd-64": "0.15.17",
        "esbuild-sunos-64": "0.15.17",
        "esbuild-windows-32": "0.15.17",
        "esbuild-windows-64": "0.15.17",
        "esbuild-windows-arm64": "0.15.17"
      }
    },
    "esbuild-darwin-arm64": {
      "version": "0.15.17",
      "dev": true,
      "optional": true
    },
    "rome": {
      "version": "10.0.1",
      "dev": true,
      "requires": {
        "@rometools/cli-darwin-arm64": "10.0.1",
        "@rometools/cli-darwin-x64": "10.0.1",
        "@rometools/cli-linux-arm64": "10.0.1",
        "@rometools/cli-linux-x64": "10.0.1",
        "@rometools/cli-win32-arm64": "10.0.1",
        "@rometools/cli-win32-x64": "10.0.1"
      }
    },
    "typescript": {
      "version": "4.9.3",
      "dev": true
    }
  }
}
